
Microsoft Visual Studio Solution File, Format Version 12.00
# Visual Studio 14
VisualStudioVersion = 14.0.25123.0
MinimumVisualStudioVersion = 10.0.40219.1
Project("{FAE04EC0-301F-11D3-BF4B-00C04F79EFBC}") = "RuleEngine", "RuleEngine\RuleEngine.csproj", "{BF15C32C-586B-4449-AA8E-5008E2298D5C}"
EndProject
Global
	GlobalSection(SolutionConfigurationPlatforms) = preSolution
		Debug|Any CPU = Debug|Any CPU
		Release|Any CPU = Release|Any CPU
	EndGlobalSection
	GlobalSection(ProjectConfigurationPlatforms) = postSolution
		{BF15C32C-586B-4449-AA8E-5008E2298D5C}.Debug|Any CPU.ActiveCfg = Debug|Any CPU
		{BF15C32C-586B-4449-AA8E-5008E2298D5C}.Debug|Any CPU.Build.0 = Debug|Any CPU
		{BF15C32C-586B-4449-AA8E-5008E2298D5C}.Release|Any CPU.ActiveCfg = Release|Any CPU
		{BF15C32C-586B-4449-AA8E-5008E2298D5C}.Release|Any CPU.Build.0 = Release|Any CPU
	EndGlobalSection
	GlobalSection(SolutionProperties) = preSolution
		HideSolutionNode = FALSE
	EndGlobalSection
EndGlobal
